
Microsoft Visual Studio Solution File, Format Version 12.00
# Visual Studio 15
VisualStudioVersion = 15.0.26403.7
MinimumVisualStudioVersion = 10.0.40219.1
Project("{2150E333-8FDC-42A3-9474-1A3956D46DE8}") = "src", "src", "{7FD6AB70-993F-484A-B2DD-785854EAB1F5}"
EndProject
Project("{2150E333-8FDC-42A3-9474-1A3956D46DE8}") = "Solution Items", "Solution Items", "{1AD40737-36FE-499B-85D7-AE31D0615B02}"
	ProjectSection(SolutionItems) = preProject
		.gitignore = .gitignore
		NuGet.config = NuGet.config
		README.md = README.md
	EndProjectSection
EndProject
Project("{2150E333-8FDC-42A3-9474-1A3956D46DE8}") = "test", "test", "{5CA075E2-B2E1-4D94-B0EF-4CB1BBB0D45A}"
EndProject
Project("{9A19103F-16F7-4668-BE54-9A1E7A4F7556}") = "NetCoreStack.Hisar", "src\NetCoreStack.Hisar\NetCoreStack.Hisar.csproj", "{060BFE62-37C1-4B40-91BD-96E2C23BF35F}"
EndProject
Project("{9A19103F-16F7-4668-BE54-9A1E7A4F7556}") = "NetCoreStack.Hisar.Server", "src\NetCoreStack.Hisar.Server\NetCoreStack.Hisar.Server.csproj", "{516CC571-5C36-4067-BCD2-7110DC7A2F18}"
EndProject
Project("{FAE04EC0-301F-11D3-BF4B-00C04F79EFBC}") = "Hisar.CommonLibrary", "test\Hisar.CommonLibrary\Hisar.CommonLibrary.csproj", "{485B074A-E9AF-4D2C-AD3D-0EB18D1BE918}"
EndProject
Project("{2150E333-8FDC-42A3-9474-1A3956D46DE8}") = "components", "components", "{181B8C0C-9FAD-40C0-AE0A-257843CFF03C}"
EndProject
Project("{9A19103F-16F7-4668-BE54-9A1E7A4F7556}") = "Hisar.Component.Carousel", "test\components\Hisar.Component.Carousel\Hisar.Component.Carousel.csproj", "{5A5B5736-AFBB-4C8C-A2BA-731795974B07}"
EndProject
Project("{9A19103F-16F7-4668-BE54-9A1E7A4F7556}") = "Hisar.Component.Guideline", "test\components\Hisar.Component.Guideline\Hisar.Component.Guideline.csproj", "{7E260A2E-702A-46CA-9824-B9B843017FE3}"
EndProject
Project("{FAE04EC0-301F-11D3-BF4B-00C04F79EFBC}") = "NetCoreStack.Hisar.Tests", "test\NetCoreStack.Hisar.Tests\NetCoreStack.Hisar.Tests.csproj", "{50963AE7-841E-4934-9ECF-1C1250B341FB}"
EndProject
Project("{9A19103F-16F7-4668-BE54-9A1E7A4F7556}") = "Hisar.Component.Template", "test\components\Hisar.Component.Template\Hisar.Component.Template.csproj", "{EF6A7C42-C95B-4CA9-8C1F-B22485439696}"
EndProject
Project("{9A19103F-16F7-4668-BE54-9A1E7A4F7556}") = "Landing.Hosting", "test\Landing.Hosting\Landing.Hosting.csproj", "{FF724659-E79D-465F-9E77-EAF3C1D59B6D}"
EndProject
Global
	GlobalSection(SolutionConfigurationPlatforms) = preSolution
		Debug|Any CPU = Debug|Any CPU
		Release|Any CPU = Release|Any CPU
	EndGlobalSection
	GlobalSection(ProjectConfigurationPlatforms) = postSolution
		{060BFE62-37C1-4B40-91BD-96E2C23BF35F}.Debug|Any CPU.ActiveCfg = Debug|Any CPU
		{060BFE62-37C1-4B40-91BD-96E2C23BF35F}.Debug|Any CPU.Build.0 = Debug|Any CPU
		{060BFE62-37C1-4B40-91BD-96E2C23BF35F}.Release|Any CPU.ActiveCfg = Release|Any CPU
		{060BFE62-37C1-4B40-91BD-96E2C23BF35F}.Release|Any CPU.Build.0 = Release|Any CPU
		{516CC571-5C36-4067-BCD2-7110DC7A2F18}.Debug|Any CPU.ActiveCfg = Debug|Any CPU
		{516CC571-5C36-4067-BCD2-7110DC7A2F18}.Debug|Any CPU.Build.0 = Debug|Any CPU
		{516CC571-5C36-4067-BCD2-7110DC7A2F18}.Release|Any CPU.ActiveCfg = Release|Any CPU
		{516CC571-5C36-4067-BCD2-7110DC7A2F18}.Release|Any CPU.Build.0 = Release|Any CPU
		{485B074A-E9AF-4D2C-AD3D-0EB18D1BE918}.Debug|Any CPU.ActiveCfg = Debug|Any CPU
		{485B074A-E9AF-4D2C-AD3D-0EB18D1BE918}.Debug|Any CPU.Build.0 = Debug|Any CPU
		{485B074A-E9AF-4D2C-AD3D-0EB18D1BE918}.Release|Any CPU.ActiveCfg = Release|Any CPU
		{485B074A-E9AF-4D2C-AD3D-0EB18D1BE918}.Release|Any CPU.Build.0 = Release|Any CPU
		{5A5B5736-AFBB-4C8C-A2BA-731795974B07}.Debug|Any CPU.ActiveCfg = Debug|Any CPU
		{5A5B5736-AFBB-4C8C-A2BA-731795974B07}.Debug|Any CPU.Build.0 = Debug|Any CPU
		{5A5B5736-AFBB-4C8C-A2BA-731795974B07}.Release|Any CPU.ActiveCfg = Release|Any CPU
		{5A5B5736-AFBB-4C8C-A2BA-731795974B07}.Release|Any CPU.Build.0 = Release|Any CPU
		{7E260A2E-702A-46CA-9824-B9B843017FE3}.Debug|Any CPU.ActiveCfg = Debug|Any CPU
		{7E260A2E-702A-46CA-9824-B9B843017FE3}.Debug|Any CPU.Build.0 = Debug|Any CPU
		{7E260A2E-702A-46CA-9824-B9B843017FE3}.Release|Any CPU.ActiveCfg = Release|Any CPU
		{7E260A2E-702A-46CA-9824-B9B843017FE3}.Release|Any CPU.Build.0 = Release|Any CPU
		{50963AE7-841E-4934-9ECF-1C1250B341FB}.Debug|Any CPU.ActiveCfg = Debug|Any CPU
		{50963AE7-841E-4934-9ECF-1C1250B341FB}.Debug|Any CPU.Build.0 = Debug|Any CPU
		{50963AE7-841E-4934-9ECF-1C1250B341FB}.Release|Any CPU.ActiveCfg = Release|Any CPU
		{50963AE7-841E-4934-9ECF-1C1250B341FB}.Release|Any CPU.Build.0 = Release|Any CPU
		{EF6A7C42-C95B-4CA9-8C1F-B22485439696}.Debug|Any CPU.ActiveCfg = Debug|Any CPU
		{EF6A7C42-C95B-4CA9-8C1F-B22485439696}.Debug|Any CPU.Build.0 = Debug|Any CPU
		{EF6A7C42-C95B-4CA9-8C1F-B22485439696}.Release|Any CPU.ActiveCfg = Release|Any CPU
		{EF6A7C42-C95B-4CA9-8C1F-B22485439696}.Release|Any CPU.Build.0 = Release|Any CPU
		{FF724659-E79D-465F-9E77-EAF3C1D59B6D}.Debug|Any CPU.ActiveCfg = Debug|Any CPU
		{FF724659-E79D-465F-9E77-EAF3C1D59B6D}.Debug|Any CPU.Build.0 = Debug|Any CPU
		{FF724659-E79D-465F-9E77-EAF3C1D59B6D}.Release|Any CPU.ActiveCfg = Release|Any CPU
		{FF724659-E79D-465F-9E77-EAF3C1D59B6D}.Release|Any CPU.Build.0 = Release|Any CPU
	EndGlobalSection
	GlobalSection(SolutionProperties) = preSolution
		HideSolutionNode = FALSE
	EndGlobalSection
	GlobalSection(NestedProjects) = preSolution
		{060BFE62-37C1-4B40-91BD-96E2C23BF35F} = {7FD6AB70-993F-484A-B2DD-785854EAB1F5}
		{516CC571-5C36-4067-BCD2-7110DC7A2F18} = {7FD6AB70-993F-484A-B2DD-785854EAB1F5}
		{485B074A-E9AF-4D2C-AD3D-0EB18D1BE918} = {5CA075E2-B2E1-4D94-B0EF-4CB1BBB0D45A}
		{181B8C0C-9FAD-40C0-AE0A-257843CFF03C} = {5CA075E2-B2E1-4D94-B0EF-4CB1BBB0D45A}
		{5A5B5736-AFBB-4C8C-A2BA-731795974B07} = {181B8C0C-9FAD-40C0-AE0A-257843CFF03C}
		{7E260A2E-702A-46CA-9824-B9B843017FE3} = {181B8C0C-9FAD-40C0-AE0A-257843CFF03C}
		{50963AE7-841E-4934-9ECF-1C1250B341FB} = {5CA075E2-B2E1-4D94-B0EF-4CB1BBB0D45A}
		{EF6A7C42-C95B-4CA9-8C1F-B22485439696} = {181B8C0C-9FAD-40C0-AE0A-257843CFF03C}
		{FF724659-E79D-465F-9E77-EAF3C1D59B6D} = {5CA075E2-B2E1-4D94-B0EF-4CB1BBB0D45A}
	EndGlobalSection
EndGlobal
